
Microsoft Visual Studio Solution File, Format Version 12.00
# Visual Studio Version 16
VisualStudioVersion = 16.0.30406.217
MinimumVisualStudioVersion = 10.0.40219.1
Project("{FAE04EC0-301F-11D3-BF4B-00C04F79EFBC}") = "PC", "PC\PC.csproj", "{B58621F2-5E8E-4B66-82AF-0E19CFEFAC7B}"
EndProject
Global
	GlobalSection(SolutionConfigurationPlatforms) = preSolution
		Debug|Any CPU = Debug|Any CPU
		Release|Any CPU = Release|Any CPU
	EndGlobalSection
	GlobalSection(ProjectConfigurationPlatforms) = postSolution
		{B58621F2-5E8E-4B66-82AF-0E19CFEFAC7B}.Debug|Any CPU.ActiveCfg = Debug|Any CPU
		{B58621F2-5E8E-4B66-82AF-0E19CFEFAC7B}.Debug|Any CPU.Build.0 = Debug|Any CPU
		{B58621F2-5E8E-4B66-82AF-0E19CFEFAC7B}.Release|Any CPU.ActiveCfg = Release|Any CPU
		{B58621F2-5E8E-4B66-82AF-0E19CFEFAC7B}.Release|Any CPU.Build.0 = Release|Any CPU
	EndGlobalSection
	GlobalSection(SolutionProperties) = preSolution
		HideSolutionNode = FALSE
	EndGlobalSection
	GlobalSection(ExtensibilityGlobals) = postSolution
		SolutionGuid = {C4A8DE80-8157-4769-AA91-3416576E9021}
	EndGlobalSection
EndGlobal
